PODS:
  - PestoIcon (0.1.0):
    - SwiftSVG (~> 2.0)
  - SwiftSVG (2.1.2)

DEPENDENCIES:
  - PestoIcon (from `../`)

EXTERNAL SOURCES:
  PestoIcon:
    :path: ../

SPEC CHECKSUMS:
  PestoIcon: 03193ad332abd321687eebc1ffc2c16e53d0deda
  SwiftSVG: 62d14020b1cca49c096ce8b752d35f46722231d5

PODFILE CHECKSUM: 257cd1c7498f613c6c673fef1df12f6a41a505d6

COCOAPODS: 1.4.0.rc.1
